
Microsoft Visual Studio Solution File, Format Version 12.00
# Visual Studio Version 17
VisualStudioVersion = 17.5.33516.290
MinimumVisualStudioVersion = 10.0.40219.1
Project("{9A19103F-16F7-4668-BE54-9A1E7A4F7556}") = "Day02", "Day2\Day02.csproj", "{71DCA68A-AA02-4499-8336-087E704350BA}"
EndProject
Project("{9A19103F-16F7-4668-BE54-9A1E7A4F7556}") = "Day03", "Day3\Day03.csproj", "{E4341C35-C22F-486E-84DE-DE1698D4642F}"
EndProject
Project("{9A19103F-16F7-4668-BE54-9A1E7A4F7556}") = "Day04", "Day4\Day04.csproj", "{0D2EDFC2-B503-4343-BD68-DE0C411C1527}"
EndProject
Project("{9A19103F-16F7-4668-BE54-9A1E7A4F7556}") = "Day01", "Day1\Day01.csproj", "{D65BFE85-B584-4ECE-9A50-B5B84BBA07AF}"
EndProject
Project("{9A19103F-16F7-4668-BE54-9A1E7A4F7556}") = "Day05", "Day5\Day05.csproj", "{A005FAD4-4ED2-4C68-B133-74AE1A6CCD28}"
EndProject
Project("{9A19103F-16F7-4668-BE54-9A1E7A4F7556}") = "Day06", "Day6\Day06.csproj", "{80870C15-FC10-42C4-9E34-09E043B595CD}"
EndProject
Project("{9A19103F-16F7-4668-BE54-9A1E7A4F7556}") = "Day07", "Day7\Day07.csproj", "{A5E630E1-4EBD-4E72-8BBC-9A90DBED9420}"
EndProject
Project("{9A19103F-16F7-4668-BE54-9A1E7A4F7556}") = "Day08", "Day8\Day08.csproj", "{0C229369-E701-497B-8372-69B5CC1F975A}"
EndProject
Project("{9A19103F-16F7-4668-BE54-9A1E7A4F7556}") = "Day09", "Day9\Day09.csproj", "{69E82F86-F784-4173-A3CA-D02558A0A959}"
EndProject
Project("{9A19103F-16F7-4668-BE54-9A1E7A4F7556}") = "Day10", "Day10\Day10.csproj", "{19DD4C14-4912-4E75-934F-79F20AAB1489}"
EndProject
Project("{FAE04EC0-301F-11D3-BF4B-00C04F79EFBC}") = "Day11", "Day11\Day11.csproj", "{F11D81EF-EE5F-4A07-B7DF-BB743C7FBD7F}"
EndProject
Global
	GlobalSection(SolutionConfigurationPlatforms) = preSolution
		Debug|Any CPU = Debug|Any CPU
		Release|Any CPU = Release|Any CPU
	EndGlobalSection
	GlobalSection(ProjectConfigurationPlatforms) = postSolution
		{71DCA68A-AA02-4499-8336-087E704350BA}.Debug|Any CPU.ActiveCfg = Debug|Any CPU
		{71DCA68A-AA02-4499-8336-087E704350BA}.Debug|Any CPU.Build.0 = Debug|Any CPU
		{71DCA68A-AA02-4499-8336-087E704350BA}.Release|Any CPU.ActiveCfg = Release|Any CPU
		{71DCA68A-AA02-4499-8336-087E704350BA}.Release|Any CPU.Build.0 = Release|Any CPU
		{E4341C35-C22F-486E-84DE-DE1698D4642F}.Debug|Any CPU.ActiveCfg = Debug|Any CPU
		{E4341C35-C22F-486E-84DE-DE1698D4642F}.Debug|Any CPU.Build.0 = Debug|Any CPU
		{E4341C35-C22F-486E-84DE-DE1698D4642F}.Release|Any CPU.ActiveCfg = Release|Any CPU
		{E4341C35-C22F-486E-84DE-DE1698D4642F}.Release|Any CPU.Build.0 = Release|Any CPU
		{0D2EDFC2-B503-4343-BD68-DE0C411C1527}.Debug|Any CPU.ActiveCfg = Debug|Any CPU
		{0D2EDFC2-B503-4343-BD68-DE0C411C1527}.Debug|Any CPU.Build.0 = Debug|Any CPU
		{0D2EDFC2-B503-4343-BD68-DE0C411C1527}.Release|Any CPU.ActiveCfg = Release|Any CPU
		{0D2EDFC2-B503-4343-BD68-DE0C411C1527}.Release|Any CPU.Build.0 = Release|Any CPU
		{D65BFE85-B584-4ECE-9A50-B5B84BBA07AF}.Debug|Any CPU.ActiveCfg = Debug|Any CPU
		{D65BFE85-B584-4ECE-9A50-B5B84BBA07AF}.Debug|Any CPU.Build.0 = Debug|Any CPU
		{D65BFE85-B584-4ECE-9A50-B5B84BBA07AF}.Release|Any CPU.ActiveCfg = Release|Any CPU
		{D65BFE85-B584-4ECE-9A50-B5B84BBA07AF}.Release|Any CPU.Build.0 = Release|Any CPU
		{A005FAD4-4ED2-4C68-B133-74AE1A6CCD28}.Debug|Any CPU.ActiveCfg = Debug|Any CPU
		{A005FAD4-4ED2-4C68-B133-74AE1A6CCD28}.Debug|Any CPU.Build.0 = Debug|Any CPU
		{A005FAD4-4ED2-4C68-B133-74AE1A6CCD28}.Release|Any CPU.ActiveCfg = Release|Any CPU
		{A005FAD4-4ED2-4C68-B133-74AE1A6CCD28}.Release|Any CPU.Build.0 = Release|Any CPU
		{80870C15-FC10-42C4-9E34-09E043B595CD}.Debug|Any CPU.ActiveCfg = Debug|Any CPU
		{80870C15-FC10-42C4-9E34-09E043B595CD}.Debug|Any CPU.Build.0 = Debug|Any CPU
		{80870C15-FC10-42C4-9E34-09E043B595CD}.Release|Any CPU.ActiveCfg = Release|Any CPU
		{80870C15-FC10-42C4-9E34-09E043B595CD}.Release|Any CPU.Build.0 = Release|Any CPU
		{A5E630E1-4EBD-4E72-8BBC-9A90DBED9420}.Debug|Any CPU.ActiveCfg = Debug|Any CPU
		{A5E630E1-4EBD-4E72-8BBC-9A90DBED9420}.Debug|Any CPU.Build.0 = Debug|Any CPU
		{A5E630E1-4EBD-4E72-8BBC-9A90DBED9420}.Release|Any CPU.ActiveCfg = Release|Any CPU
		{A5E630E1-4EBD-4E72-8BBC-9A90DBED9420}.Release|Any CPU.Build.0 = Release|Any CPU
		{0C229369-E701-497B-8372-69B5CC1F975A}.Debug|Any CPU.ActiveCfg = Debug|Any CPU
		{0C229369-E701-497B-8372-69B5CC1F975A}.Debug|Any CPU.Build.0 = Debug|Any CPU
		{0C229369-E701-497B-8372-69B5CC1F975A}.Release|Any CPU.ActiveCfg = Release|Any CPU
		{0C229369-E701-497B-8372-69B5CC1F975A}.Release|Any CPU.Build.0 = Release|Any CPU
		{69E82F86-F784-4173-A3CA-D02558A0A959}.Debug|Any CPU.ActiveCfg = Debug|Any CPU
		{69E82F86-F784-4173-A3CA-D02558A0A959}.Debug|Any CPU.Build.0 = Debug|Any CPU
		{69E82F86-F784-4173-A3CA-D02558A0A959}.Release|Any CPU.ActiveCfg = Release|Any CPU
		{69E82F86-F784-4173-A3CA-D02558A0A959}.Release|Any CPU.Build.0 = Release|Any CPU
		{19DD4C14-4912-4E75-934F-79F20AAB1489}.Debug|Any CPU.ActiveCfg = Debug|Any CPU
		{19DD4C14-4912-4E75-934F-79F20AAB1489}.Debug|Any CPU.Build.0 = Debug|Any CPU
		{19DD4C14-4912-4E75-934F-79F20AAB1489}.Release|Any CPU.ActiveCfg = Release|Any CPU
		{19DD4C14-4912-4E75-934F-79F20AAB1489}.Release|Any CPU.Build.0 = Release|Any CPU
		{F11D81EF-EE5F-4A07-B7DF-BB743C7FBD7F}.Debug|Any CPU.ActiveCfg = Debug|Any CPU
		{F11D81EF-EE5F-4A07-B7DF-BB743C7FBD7F}.Debug|Any CPU.Build.0 = Debug|Any CPU
		{F11D81EF-EE5F-4A07-B7DF-BB743C7FBD7F}.Release|Any CPU.ActiveCfg = Release|Any CPU
		{F11D81EF-EE5F-4A07-B7DF-BB743C7FBD7F}.Release|Any CPU.Build.0 = Release|Any CPU
	EndGlobalSection
	GlobalSection(SolutionProperties) = preSolution
		HideSolutionNode = FALSE
	EndGlobalSection
	GlobalSection(ExtensibilityGlobals) = postSolution
		SolutionGuid = {522A8DC4-F281-4047-9CD6-907DFD860EEE}
	EndGlobalSection
EndGlobal
