
Microsoft Visual Studio Solution File, Format Version 12.00
# Visual Studio Version 17
VisualStudioVersion = 17.5.33516.290
MinimumVisualStudioVersion = 10.0.40219.1
Project("{9A19103F-16F7-4668-BE54-9A1E7A4F7556}") = "Day2", "Day2\Day2.csproj", "{71DCA68A-AA02-4499-8336-087E704350BA}"
EndProject
Project("{9A19103F-16F7-4668-BE54-9A1E7A4F7556}") = "Day3", "Day3\Day3.csproj", "{E4341C35-C22F-486E-84DE-DE1698D4642F}"
EndProject
Project("{9A19103F-16F7-4668-BE54-9A1E7A4F7556}") = "Day4", "Day4\Day4.csproj", "{0D2EDFC2-B503-4343-BD68-DE0C411C1527}"
EndProject
Project("{9A19103F-16F7-4668-BE54-9A1E7A4F7556}") = "Day1", "Day1\Day1.csproj", "{D65BFE85-B584-4ECE-9A50-B5B84BBA07AF}"
EndProject
Project("{9A19103F-16F7-4668-BE54-9A1E7A4F7556}") = "Day5", "Day5\Day5.csproj", "{A005FAD4-4ED2-4C68-B133-74AE1A6CCD28}"
EndProject
Project("{9A19103F-16F7-4668-BE54-9A1E7A4F7556}") = "Day6", "Day6\Day6.csproj", "{80870C15-FC10-42C4-9E34-09E043B595CD}"
EndProject
Project("{9A19103F-16F7-4668-BE54-9A1E7A4F7556}") = "Day7", "Day7\Day7.csproj", "{A5E630E1-4EBD-4E72-8BBC-9A90DBED9420}"
EndProject
Project("{FAE04EC0-301F-11D3-BF4B-00C04F79EFBC}") = "Day8", "Day8\Day8.csproj", "{0C229369-E701-497B-8372-69B5CC1F975A}"
EndProject
Global
	GlobalSection(SolutionConfigurationPlatforms) = preSolution
		Debug|Any CPU = Debug|Any CPU
		Release|Any CPU = Release|Any CPU
	EndGlobalSection
	GlobalSection(ProjectConfigurationPlatforms) = postSolution
		{71DCA68A-AA02-4499-8336-087E704350BA}.Debug|Any CPU.ActiveCfg = Debug|Any CPU
		{71DCA68A-AA02-4499-8336-087E704350BA}.Debug|Any CPU.Build.0 = Debug|Any CPU
		{71DCA68A-AA02-4499-8336-087E704350BA}.Release|Any CPU.ActiveCfg = Release|Any CPU
		{71DCA68A-AA02-4499-8336-087E704350BA}.Release|Any CPU.Build.0 = Release|Any CPU
		{E4341C35-C22F-486E-84DE-DE1698D4642F}.Debug|Any CPU.ActiveCfg = Debug|Any CPU
		{E4341C35-C22F-486E-84DE-DE1698D4642F}.Debug|Any CPU.Build.0 = Debug|Any CPU
		{E4341C35-C22F-486E-84DE-DE1698D4642F}.Release|Any CPU.ActiveCfg = Release|Any CPU
		{E4341C35-C22F-486E-84DE-DE1698D4642F}.Release|Any CPU.Build.0 = Release|Any CPU
		{0D2EDFC2-B503-4343-BD68-DE0C411C1527}.Debug|Any CPU.ActiveCfg = Debug|Any CPU
		{0D2EDFC2-B503-4343-BD68-DE0C411C1527}.Debug|Any CPU.Build.0 = Debug|Any CPU
		{0D2EDFC2-B503-4343-BD68-DE0C411C1527}.Release|Any CPU.ActiveCfg = Release|Any CPU
		{0D2EDFC2-B503-4343-BD68-DE0C411C1527}.Release|Any CPU.Build.0 = Release|Any CPU
		{D65BFE85-B584-4ECE-9A50-B5B84BBA07AF}.Debug|Any CPU.ActiveCfg = Debug|Any CPU
		{D65BFE85-B584-4ECE-9A50-B5B84BBA07AF}.Debug|Any CPU.Build.0 = Debug|Any CPU
		{D65BFE85-B584-4ECE-9A50-B5B84BBA07AF}.Release|Any CPU.ActiveCfg = Release|Any CPU
		{D65BFE85-B584-4ECE-9A50-B5B84BBA07AF}.Release|Any CPU.Build.0 = Release|Any CPU
		{A005FAD4-4ED2-4C68-B133-74AE1A6CCD28}.Debug|Any CPU.ActiveCfg = Debug|Any CPU
		{A005FAD4-4ED2-4C68-B133-74AE1A6CCD28}.Debug|Any CPU.Build.0 = Debug|Any CPU
		{A005FAD4-4ED2-4C68-B133-74AE1A6CCD28}.Release|Any CPU.ActiveCfg = Release|Any CPU
		{A005FAD4-4ED2-4C68-B133-74AE1A6CCD28}.Release|Any CPU.Build.0 = Release|Any CPU
		{80870C15-FC10-42C4-9E34-09E043B595CD}.Debug|Any CPU.ActiveCfg = Debug|Any CPU
		{80870C15-FC10-42C4-9E34-09E043B595CD}.Debug|Any CPU.Build.0 = Debug|Any CPU
		{80870C15-FC10-42C4-9E34-09E043B595CD}.Release|Any CPU.ActiveCfg = Release|Any CPU
		{80870C15-FC10-42C4-9E34-09E043B595CD}.Release|Any CPU.Build.0 = Release|Any CPU
		{A5E630E1-4EBD-4E72-8BBC-9A90DBED9420}.Debug|Any CPU.ActiveCfg = Debug|Any CPU
		{A5E630E1-4EBD-4E72-8BBC-9A90DBED9420}.Debug|Any CPU.Build.0 = Debug|Any CPU
		{A5E630E1-4EBD-4E72-8BBC-9A90DBED9420}.Release|Any CPU.ActiveCfg = Release|Any CPU
		{A5E630E1-4EBD-4E72-8BBC-9A90DBED9420}.Release|Any CPU.Build.0 = Release|Any CPU
		{0C229369-E701-497B-8372-69B5CC1F975A}.Debug|Any CPU.ActiveCfg = Debug|Any CPU
		{0C229369-E701-497B-8372-69B5CC1F975A}.Debug|Any CPU.Build.0 = Debug|Any CPU
		{0C229369-E701-497B-8372-69B5CC1F975A}.Release|Any CPU.ActiveCfg = Release|Any CPU
		{0C229369-E701-497B-8372-69B5CC1F975A}.Release|Any CPU.Build.0 = Release|Any CPU
	EndGlobalSection
	GlobalSection(SolutionProperties) = preSolution
		HideSolutionNode = FALSE
	EndGlobalSection
	GlobalSection(ExtensibilityGlobals) = postSolution
		SolutionGuid = {522A8DC4-F281-4047-9CD6-907DFD860EEE}
	EndGlobalSection
EndGlobal
